// !$*UTF8*$!
{
	archiveVersion = 1;
	classes = {
	};
	objectVersion = 50;
	objects = {

/* Begin PBXBuildFile section */
		6E0F398C21ED439A00FDF987 /* AppDelegate.swift in Sources */ = {isa = PBXBuildFile; fileRef = 6E0F398B21ED439A00FDF987 /* AppDelegate.swift */; };
		6E0F398E21ED439A00FDF987 /* ViewController.swift in Sources */ = {isa = PBXBuildFile; fileRef = 6E0F398D21ED439A00FDF987 /* ViewController.swift */; };
		6E0F399121ED439A00FDF987 /* Main.storyboard in Resources */ = {isa = PBXBuildFile; fileRef = 6E0F398F21ED439A00FDF987 /* Main.storyboard */; };
		6E0F399321ED439B00FDF987 /* Assets.xcassets in Resources */ = {isa = PBXBuildFile; fileRef = 6E0F399221ED439B00FDF987 /* Assets.xcassets */; };
		6E0F399621ED439B00FDF987 /* LaunchScreen.storyboard in Resources */ = {isa = PBXBuildFile; fileRef = 6E0F399421ED439B00FDF987 /* LaunchScreen.storyboard */; };
		6E0F39A121ED439B00FDF987 /* PetalTests.swift in Sources */ = {isa = PBXBuildFile; fileRef = 6E0F39A021ED439B00FDF987 /* PetalTests.swift */; };
		6E0F39AC21ED439B00FDF987 /* PetalUITests.swift in Sources */ = {isa = PBXBuildFile; fileRef = 6E0F39AB21ED439B00FDF987 /* PetalUITests.swift */; };
		6E271CA321EFEA0B0068D410 /* TipTableViewCell.swift in Sources */ = {isa = PBXBuildFile; fileRef = 6E271CA121EFEA0B0068D410 /* TipTableViewCell.swift */; };
		6E271CA421EFEA0B0068D410 /* TipTableViewCell.xib in Resources */ = {isa = PBXBuildFile; fileRef = 6E271CA221EFEA0B0068D410 /* TipTableViewCell.xib */; };
		6E271CA721EFEB720068D410 /* BillTableViewCell.swift in Sources */ = {isa = PBXBuildFile; fileRef = 6E271CA521EFEB720068D410 /* BillTableViewCell.swift */; };
		6E271CA821EFEB720068D410 /* BillTableViewCell.xib in Resources */ = {isa = PBXBuildFile; fileRef = 6E271CA621EFEB720068D410 /* BillTableViewCell.xib */; };
		6E7B48B92208D79100C96BAE /* BarChart.swift in Sources */ = {isa = PBXBuildFile; fileRef = 6E7B48B82208D79100C96BAE /* BarChart.swift */; };
		6E7B48BB2208DC2C00C96BAE /* BarEntry.swift in Sources */ = {isa = PBXBuildFile; fileRef = 6E7B48BA2208DC2C00C96BAE /* BarEntry.swift */; };
/* End PBXBuildFile section */

/* Begin PBXContainerItemProxy section */
		6E0F399D21ED439B00FDF987 /* PBXContainerItemProxy */ = {
			isa = PBXContainerItemProxy;
			containerPortal = 6E0F398021ED439A00FDF987 /* Project object */;
			proxyType = 1;
			remoteGlobalIDString = 6E0F398721ED439A00FDF987;
			remoteInfo = Petal;
		};
		6E0F39A821ED439B00FDF987 /* PBXContainerItemProxy */ = {
			isa = PBXContainerItemProxy;
			containerPortal = 6E0F398021ED439A00FDF987 /* Project object */;
			proxyType = 1;
			remoteGlobalIDString = 6E0F398721ED439A00FDF987;
			remoteInfo = Petal;
		};
/* End PBXContainerItemProxy section */

/* Begin PBXFileReference section */
		6E0F398821ED439A00FDF987 /* Petal.app */ = {isa = PBXFileReference; explicitFileType = wrapper.application; includeInIndex = 0; path = Petal.app; sourceTree = BUILT_PRODUCTS_DIR; };
		6E0F398B21ED439A00FDF987 /* AppDelegate.swift */ = {isa = PBXFileReference; lastKnownFileType = sourcecode.swift; path = AppDelegate.swift; sourceTree = "<group>"; };
		6E0F398D21ED439A00FDF987 /* ViewController.swift */ = {isa = PBXFileReference; lastKnownFileType = sourcecode.swift; path = ViewController.swift; sourceTree = "<group>"; };
		6E0F399021ED439A00FDF987 /* Base */ = {isa = PBXFileReference; lastKnownFileType = file.storyboard; name = Base; path = Base.lproj/Main.storyboard; sourceTree = "<group>"; };
		6E0F399221ED439B00FDF987 /* Assets.xcassets */ = {isa = PBXFileReference; lastKnownFileType = folder.assetcatalog; path = Assets.xcassets; sourceTree = "<group>"; };
		6E0F399521ED439B00FDF987 /* Base */ = {isa = PBXFileReference; lastKnownFileType = file.storyboard; name = Base; path = Base.lproj/LaunchScreen.storyboard; sourceTree = "<group>"; };
		6E0F399721ED439B00FDF987 /* Info.plist */ = {isa = PBXFileReference; lastKnownFileType = text.plist.xml; path = Info.plist; sourceTree = "<group>"; };
		6E0F399C21ED439B00FDF987 /* PetalTests.xctest */ = {isa = PBXFileReference; explicitFileType = wrapper.cfbundle; includeInIndex = 0; path = PetalTests.xctest; sourceTree = BUILT_PRODUCTS_DIR; };
		6E0F39A021ED439B00FDF987 /* PetalTests.swift */ = {isa = PBXFileReference; lastKnownFileType = sourcecode.swift; path = PetalTests.swift; sourceTree = "<group>"; };
		6E0F39A221ED439B00FDF987 /* Info.plist */ = {isa = PBXFileReference; lastKnownFileType = text.plist.xml; path = Info.plist; sourceTree = "<group>"; };
		6E0F39A721ED439B00FDF987 /* PetalUITests.xctest */ = {isa = PBXFileReference; explicitFileType = wrapper.cfbundle; includeInIndex = 0; path = PetalUITests.xctest; sourceTree = BUILT_PRODUCTS_DIR; };
		6E0F39AB21ED439B00FDF987 /* PetalUITests.swift */ = {isa = PBXFileReference; lastKnownFileType = sourcecode.swift; path = PetalUITests.swift; sourceTree = "<group>"; };
		6E0F39AD21ED439B00FDF987 /* Info.plist */ = {isa = PBXFileReference; lastKnownFileType = text.plist.xml; path = Info.plist; sourceTree = "<group>"; };
		6E271CA121EFEA0B0068D410 /* TipTableViewCell.swift */ = {isa = PBXFileReference; lastKnownFileType = sourcecode.swift; path = TipTableViewCell.swift; sourceTree = "<group>"; };
		6E271CA221EFEA0B0068D410 /* TipTableViewCell.xib */ = {isa = PBXFileReference; lastKnownFileType = file.xib; path = TipTableViewCell.xib; sourceTree = "<group>"; };
		6E271CA521EFEB720068D410 /* BillTableViewCell.swift */ = {isa = PBXFileReference; lastKnownFileType = sourcecode.swift; path = BillTableViewCell.swift; sourceTree = "<group>"; };
		6E271CA621EFEB720068D410 /* BillTableViewCell.xib */ = {isa = PBXFileReference; lastKnownFileType = file.xib; path = BillTableViewCell.xib; sourceTree = "<group>"; };
		6E7B48B82208D79100C96BAE /* BarChart.swift */ = {isa = PBXFileReference; lastKnownFileType = sourcecode.swift; path = BarChart.swift; sourceTree = "<group>"; };
		6E7B48BA2208DC2C00C96BAE /* BarEntry.swift */ = {isa = PBXFileReference; lastKnownFileType = sourcecode.swift; path = BarEntry.swift; sourceTree = "<group>"; };
		6E9A7BA5220E343D002E8D91 /* Petal.entitlements */ = {isa = PBXFileReference; lastKnownFileType = text.plist.entitlements; path = Petal.entitlements; sourceTree = "<group>"; };
/* End PBXFileReference section */

/* Begin PBXFrameworksBuildPhase section */
		6E0F398521ED439A00FDF987 /* Frameworks */ = {
			isa = PBXFrameworksBuildPhase;
			buildActionMask = 2147483647;
			files = (
			);
			runOnlyForDeploymentPostprocessing = 0;
		};
		6E0F399921ED439B00FDF987 /* Frameworks */ = {
			isa = PBXFrameworksBuildPhase;
			buildActionMask = 2147483647;
			files = (
			);
			runOnlyForDeploymentPostprocessing = 0;
		};
		6E0F39A421ED439B00FDF987 /* Frameworks */ = {
			isa = PBXFrameworksBuildPhase;
			buildActionMask = 2147483647;
			files = (
			);
			runOnlyForDeploymentPostprocessing = 0;
		};
/* End PBXFrameworksBuildPhase section */

/* Begin PBXGroup section */
		6E0F397F21ED439A00FDF987 = {
			isa = PBXGroup;
			children = (
				6E0F398A21ED439A00FDF987 /* Petal */,
				6E0F399F21ED439B00FDF987 /* PetalTests */,
				6E0F39AA21ED439B00FDF987 /* PetalUITests */,
				6E0F398921ED439A00FDF987 /* Products */,
			);
			sourceTree = "<group>";
		};
		6E0F398921ED439A00FDF987 /* Products */ = {
			isa = PBXGroup;
			children = (
				6E0F398821ED439A00FDF987 /* Petal.app */,
				6E0F399C21ED439B00FDF987 /* PetalTests.xctest */,
				6E0F39A721ED439B00FDF987 /* PetalUITests.xctest */,
			);
			name = Products;
			sourceTree = "<group>";
		};
		6E0F398A21ED439A00FDF987 /* Petal */ = {
			isa = PBXGroup;
			children = (
				6E9A7BA5220E343D002E8D91 /* Petal.entitlements */,
				6E271CA221EFEA0B0068D410 /* TipTableViewCell.xib */,
				6E271CA121EFEA0B0068D410 /* TipTableViewCell.swift */,
				6E0F398B21ED439A00FDF987 /* AppDelegate.swift */,
				6E0F398D21ED439A00FDF987 /* ViewController.swift */,
				6E0F398F21ED439A00FDF987 /* Main.storyboard */,
				6E7B48B82208D79100C96BAE /* BarChart.swift */,
				6E7B48BA2208DC2C00C96BAE /* BarEntry.swift */,
				6E0F399221ED439B00FDF987 /* Assets.xcassets */,
				6E0F399421ED439B00FDF987 /* LaunchScreen.storyboard */,
				6E0F399721ED439B00FDF987 /* Info.plist */,
				6E271CA521EFEB720068D410 /* BillTableViewCell.swift */,
				6E271CA621EFEB720068D410 /* BillTableViewCell.xib */,
			);
			path = Petal;
			sourceTree = "<group>";
		};
		6E0F399F21ED439B00FDF987 /* PetalTests */ = {
			isa = PBXGroup;
			children = (
				6E0F39A021ED439B00FDF987 /* PetalTests.swift */,
				6E0F39A221ED439B00FDF987 /* Info.plist */,
			);
			path = PetalTests;
			sourceTree = "<group>";
		};
		6E0F39AA21ED439B00FDF987 /* PetalUITests */ = {
			isa = PBXGroup;
			children = (
				6E0F39AB21ED439B00FDF987 /* PetalUITests.swift */,
				6E0F39AD21ED439B00FDF987 /* Info.plist */,
			);
			path = PetalUITests;
			sourceTree = "<group>";
		};
/* End PBXGroup section */

/* Begin PBXNativeTarget section */
		6E0F398721ED439A00FDF987 /* Petal */ = {
			isa = PBXNativeTarget;
			buildConfigurationList = 6E0F39B021ED439B00FDF987 /* Build configuration list for PBXNativeTarget "Petal" */;
			buildPhases = (
				6E0F398421ED439A00FDF987 /* Sources */,
				6E0F398521ED439A00FDF987 /* Frameworks */,
				6E0F398621ED439A00FDF987 /* Resources */,
			);
			buildRules = (
			);
			dependencies = (
			);
			name = Petal;
			productName = Petal;
			productReference = 6E0F398821ED439A00FDF987 /* Petal.app */;
			productType = "com.apple.product-type.application";
		};
		6E0F399B21ED439B00FDF987 /* PetalTests */ = {
			isa = PBXNativeTarget;
			buildConfigurationList = 6E0F39B321ED439B00FDF987 /* Build configuration list for PBXNativeTarget "PetalTests" */;
			buildPhases = (
				6E0F399821ED439B00FDF987 /* Sources */,
				6E0F399921ED439B00FDF987 /* Frameworks */,
				6E0F399A21ED439B00FDF987 /* Resources */,
			);
			buildRules = (
			);
			dependencies = (
				6E0F399E21ED439B00FDF987 /* PBXTargetDependency */,
			);
			name = PetalTests;
			productName = PetalTests;
			productReference = 6E0F399C21ED439B00FDF987 /* PetalTests.xctest */;
			productType = "com.apple.product-type.bundle.unit-test";
		};
		6E0F39A621ED439B00FDF987 /* PetalUITests */ = {
			isa = PBXNativeTarget;
			buildConfigurationList = 6E0F39B621ED439B00FDF987 /* Build configuration list for PBXNativeTarget "PetalUITests" */;
			buildPhases = (
				6E0F39A321ED439B00FDF987 /* Sources */,
				6E0F39A421ED439B00FDF987 /* Frameworks */,
				6E0F39A521ED439B00FDF987 /* Resources */,
			);
			buildRules = (
			);
			dependencies = (
				6E0F39A921ED439B00FDF987 /* PBXTargetDependency */,
			);
			name = PetalUITests;
			productName = PetalUITests;
			productReference = 6E0F39A721ED439B00FDF987 /* PetalUITests.xctest */;
			productType = "com.apple.product-type.bundle.ui-testing";
		};
/* End PBXNativeTarget section */

/* Begin PBXProject section */
		6E0F398021ED439A00FDF987 /* Project object */ = {
			isa = PBXProject;
			attributes = {
				LastSwiftUpdateCheck = 1010;
				LastUpgradeCheck = 1010;
				ORGANIZATIONNAME = "David Zhou";
				TargetAttributes = {
					6E0F398721ED439A00FDF987 = {
						CreatedOnToolsVersion = 10.1;
						SystemCapabilities = {
							com.apple.Keychain = {
								enabled = 0;
							};
						};
					};
					6E0F399B21ED439B00FDF987 = {
						CreatedOnToolsVersion = 10.1;
						TestTargetID = 6E0F398721ED439A00FDF987;
					};
					6E0F39A621ED439B00FDF987 = {
						CreatedOnToolsVersion = 10.1;
						TestTargetID = 6E0F398721ED439A00FDF987;
					};
				};
			};
			buildConfigurationList = 6E0F398321ED439A00FDF987 /* Build configuration list for PBXProject "Petal" */;
			compatibilityVersion = "Xcode 9.3";
			developmentRegion = en;
			hasScannedForEncodings = 0;
			knownRegions = (
				en,
				Base,
			);
			mainGroup = 6E0F397F21ED439A00FDF987;
			productRefGroup = 6E0F398921ED439A00FDF987 /* Products */;
			projectDirPath = "";
			projectRoot = "";
			targets = (
				6E0F398721ED439A00FDF987 /* Petal */,
				6E0F399B21ED439B00FDF987 /* PetalTests */,
				6E0F39A621ED439B00FDF987 /* PetalUITests */,
			);
		};
/* End PBXProject section */

/* Begin PBXResourcesBuildPhase section */
		6E0F398621ED439A00FDF987 /* Resources */ = {
			isa = PBXResourcesBuildPhase;
			buildActionMask = 2147483647;
			files = (
				6E0F399621ED439B00FDF987 /* LaunchScreen.storyboard in Resources */,
				6E271CA421EFEA0B0068D410 /* TipTableViewCell.xib in Resources */,
				6E0F399321ED439B00FDF987 /* Assets.xcassets in Resources */,
				6E271CA821EFEB720068D410 /* BillTableViewCell.xib in Resources */,
				6E0F399121ED439A00FDF987 /* Main.storyboard in Resources */,
			);
			runOnlyForDeploymentPostprocessing = 0;
		};
		6E0F399A21ED439B00FDF987 /* Resources */ = {
			isa = PBXResourcesBuildPhase;
			buildActionMask = 2147483647;
			files = (
			);
			runOnlyForDeploymentPostprocessing = 0;
		};
		6E0F39A521ED439B00FDF987 /* Resources */ = {
			isa = PBXResourcesBuildPhase;
			buildActionMask = 2147483647;
			files = (
			);
			runOnlyForDeploymentPostprocessing = 0;
		};
/* End PBXResourcesBuildPhase section */

/* Begin PBXSourcesBuildPhase section */
		6E0F398421ED439A00FDF987 /* Sources */ = {
			isa = PBXSourcesBuildPhase;
			buildActionMask = 2147483647;
			files = (
				6E7B48BB2208DC2C00C96BAE /* BarEntry.swift in Sources */,
				6E271CA721EFEB720068D410 /* BillTableViewCell.swift in Sources */,
				6E0F398E21ED439A00FDF987 /* ViewController.swift in Sources */,
				6E271CA321EFEA0B0068D410 /* TipTableViewCell.swift in Sources */,
				6E7B48B92208D79100C96BAE /* BarChart.swift in Sources */,
				6E0F398C21ED439A00FDF987 /* AppDelegate.swift in Sources */,
			);
			runOnlyForDeploymentPostprocessing = 0;
		};
		6E0F399821ED439B00FDF987 /* Sources */ = {
			isa = PBXSourcesBuildPhase;
			buildActionMask = 2147483647;
			files = (
				6E0F39A121ED439B00FDF987 /* PetalTests.swift in Sources */,
			);
			runOnlyForDeploymentPostprocessing = 0;
		};
		6E0F39A321ED439B00FDF987 /* Sources */ = {
			isa = PBXSourcesBuildPhase;
			buildActionMask = 2147483647;
			files = (
				6E0F39AC21ED439B00FDF987 /* PetalUITests.swift in Sources */,
			);
			runOnlyForDeploymentPostprocessing = 0;
		};
/* End PBXSourcesBuildPhase section */

/* Begin PBXTargetDependency section */
		6E0F399E21ED439B00FDF987 /* PBXTargetDependency */ = {
			isa = PBXTargetDependency;
			target = 6E0F398721ED439A00FDF987 /* Petal */;
			targetProxy = 6E0F399D21ED439B00FDF987 /* PBXContainerItemProxy */;
		};
		6E0F39A921ED439B00FDF987 /* PBXTargetDependency */ = {
			isa = PBXTargetDependency;
			target = 6E0F398721ED439A00FDF987 /* Petal */;
			targetProxy = 6E0F39A821ED439B00FDF987 /* PBXContainerItemProxy */;
		};
/* End PBXTargetDependency section */

/* Begin PBXVariantGroup section */
		6E0F398F21ED439A00FDF987 /* Main.storyboard */ = {
			isa = PBXVariantGroup;
			children = (
				6E0F399021ED439A00FDF987 /* Base */,
			);
			name = Main.storyboard;
			sourceTree = "<group>";
		};
		6E0F399421ED439B00FDF987 /* LaunchScreen.storyboard */ = {
			isa = PBXVariantGroup;
			children = (
				6E0F399521ED439B00FDF987 /* Base */,
			);
			name = LaunchScreen.storyboard;
			sourceTree = "<group>";
		};
/* End PBXVariantGroup section */

/* Begin XCBuildConfiguration section */
		6E0F39AE21ED439B00FDF987 /* Debug */ = {
			isa = XCBuildConfiguration;
			buildSettings = {
				ALWAYS_SEARCH_USER_PATHS = NO;
				CLANG_ANALYZER_NONNULL = YES;
				CLANG_ANALYZER_NUMBER_OBJECT_CONVERSION = YES_AGGRESSIVE;
				CLANG_CXX_LANGUAGE_STANDARD = "gnu++14";
				CLANG_CXX_LIBRARY = "libc++";
				CLANG_ENABLE_MODULES = YES;
				CLANG_ENABLE_OBJC_ARC = YES;
				CLANG_ENABLE_OBJC_WEAK = YES;
				CLANG_WARN_BLOCK_CAPTURE_AUTORELEASING = YES;
				CLANG_WARN_BOOL_CONVERSION = YES;
				CLANG_WARN_COMMA = YES;
				CLANG_WARN_CONSTANT_CONVERSION = YES;
				CLANG_WARN_DEPRECATED_OBJC_IMPLEMENTATIONS = YES;
				CLANG_WARN_DIRECT_OBJC_ISA_USAGE = YES_ERROR;
				CLANG_WARN_DOCUMENTATION_COMMENTS = YES;
				CLANG_WARN_EMPTY_BODY = YES;
				CLANG_WARN_ENUM_CONVERSION = YES;
				CLANG_WARN_INFINITE_RECURSION = YES;
				CLANG_WARN_INT_CONVERSION = YES;
				CLANG_WARN_NON_LITERAL_NULL_CONVERSION = YES;
				CLANG_WARN_OBJC_IMPLICIT_RETAIN_SELF = YES;
				CLANG_WARN_OBJC_LITERAL_CONVERSION = YES;
				CLANG_WARN_OBJC_ROOT_CLASS = YES_ERROR;
				CLANG_WARN_RANGE_LOOP_ANALYSIS = YES;
				CLANG_WARN_STRICT_PROTOTYPES = YES;
				CLANG_WARN_SUSPICIOUS_MOVE = YES;
				CLANG_WARN_UNGUARDED_AVAILABILITY = YES_AGGRESSIVE;
				CLANG_WARN_UNREACHABLE_CODE = YES;
				CLANG_WARN__DUPLICATE_METHOD_MATCH = YES;
				CODE_SIGN_IDENTITY = "iPhone Developer";
				COPY_PHASE_STRIP = NO;
				DEBUG_INFORMATION_FORMAT = dwarf;
				ENABLE_STRICT_OBJC_MSGSEND = YES;
				ENABLE_TESTABILITY = YES;
				GCC_C_LANGUAGE_STANDARD = gnu11;
				GCC_DYNAMIC_NO_PIC = NO;
				GCC_NO_COMMON_BLOCKS = YES;
				GCC_OPTIMIZATION_LEVEL = 0;
				GCC_PREPROCESSOR_DEFINITIONS = (
					"DEBUG=1",
					"$(inherited)",
				);
				GCC_WARN_64_TO_32_BIT_CONVERSION = YES;
				GCC_WARN_ABOUT_RETURN_TYPE = YES_ERROR;
				GCC_WARN_UNDECLARED_SELECTOR = YES;
				GCC_WARN_UNINITIALIZED_AUTOS = YES_AGGRESSIVE;
				GCC_WARN_UNUSED_FUNCTION = YES;
				GCC_WARN_UNUSED_VARIABLE = YES;
				IPHONEOS_DEPLOYMENT_TARGET = 12.1;
				MTL_ENABLE_DEBUG_INFO = INCLUDE_SOURCE;
				MTL_FAST_MATH = YES;
				ONLY_ACTIVE_ARCH = YES;
				SDKROOT = iphoneos;
				SWIFT_ACTIVE_COMPILATION_CONDITIONS = DEBUG;
				SWIFT_OPTIMIZATION_LEVEL = "-Onone";
			};
			name = Debug;
		};
		6E0F39AF21ED439B00FDF987 /* Release */ = {
			isa = XCBuildConfiguration;
			buildSettings = {
				ALWAYS_SEARCH_USER_PATHS = NO;
				CLANG_ANALYZER_NONNULL = YES;
				CLANG_ANALYZER_NUMBER_OBJECT_CONVERSION = YES_AGGRESSIVE;
				CLANG_CXX_LANGUAGE_STANDARD = "gnu++14";
				CLANG_CXX_LIBRARY = "libc++";
				CLANG_ENABLE_MODULES = YES;
				CLANG_ENABLE_OBJC_ARC = YES;
				CLANG_ENABLE_OBJC_WEAK = YES;
				CLANG_WARN_BLOCK_CAPTURE_AUTORELEASING = YES;
				CLANG_WARN_BOOL_CONVERSION = YES;
				CLANG_WARN_COMMA = YES;
				CLANG_WARN_CONSTANT_CONVERSION = YES;
				CLANG_WARN_DEPRECATED_OBJC_IMPLEMENTATIONS = YES;
				CLANG_WARN_DIRECT_OBJC_ISA_USAGE = YES_ERROR;
				CLANG_WARN_DOCUMENTATION_COMMENTS = YES;
				CLANG_WARN_EMPTY_BODY = YES;
				CLANG_WARN_ENUM_CONVERSION = YES;
				CLANG_WARN_INFINITE_RECURSION = YES;
				CLANG_WARN_INT_CONVERSION = YES;
				CLANG_WARN_NON_LITERAL_NULL_CONVERSION = YES;
				CLANG_WARN_OBJC_IMPLICIT_RETAIN_SELF = YES;
				CLANG_WARN_OBJC_LITERAL_CONVERSION = YES;
				CLANG_WARN_OBJC_ROOT_CLASS = YES_ERROR;
				CLANG_WARN_RANGE_LOOP_ANALYSIS = YES;
				CLANG_WARN_STRICT_PROTOTYPES = YES;
				CLANG_WARN_SUSPICIOUS_MOVE = YES;
				CLANG_WARN_UNGUARDED_AVAILABILITY = YES_AGGRESSIVE;
				CLANG_WARN_UNREACHABLE_CODE = YES;
				CLANG_WARN__DUPLICATE_METHOD_MATCH = YES;
				CODE_SIGN_IDENTITY = "iPhone Developer";
				COPY_PHASE_STRIP = NO;
				DEBUG_INFORMATION_FORMAT = "dwarf-with-dsym";
				ENABLE_NS_ASSERTIONS = NO;
				ENABLE_STRICT_OBJC_MSGSEND = YES;
				GCC_C_LANGUAGE_STANDARD = gnu11;
				GCC_NO_COMMON_BLOCKS = YES;
				GCC_WARN_64_TO_32_BIT_CONVERSION = YES;
				GCC_WARN_ABOUT_RETURN_TYPE = YES_ERROR;
				GCC_WARN_UNDECLARED_SELECTOR = YES;
				GCC_WARN_UNINITIALIZED_AUTOS = YES_AGGRESSIVE;
				GCC_WARN_UNUSED_FUNCTION = YES;
				GCC_WARN_UNUSED_VARIABLE = YES;
				IPHONEOS_DEPLOYMENT_TARGET = 12.1;
				MTL_ENABLE_DEBUG_INFO = NO;
				MTL_FAST_MATH = YES;
				SDKROOT = iphoneos;
				SWIFT_COMPILATION_MODE = wholemodule;
				SWIFT_OPTIMIZATION_LEVEL = "-O";
				VALIDATE_PRODUCT = YES;
			};
			name = Release;
		};
		6E0F39B121ED439B00FDF987 /* Debug */ = {
			isa = XCBuildConfiguration;
			buildSettings = {
				ASSETCATALOG_COMPILER_APPICON_NAME = AppIcon;
				CODE_SIGN_IDENTITY = "iPhone Developer";
				CODE_SIGN_STYLE = Automatic;
				DEVELOPMENT_TEAM = HU5734Z6S2;
				INFOPLIST_FILE = Petal/Info.plist;
				LD_RUNPATH_SEARCH_PATHS = (
					"$(inherited)",
					"@executable_path/Frameworks",
				);
				PRODUCT_BUNDLE_IDENTIFIER = com.Petal;
				PRODUCT_NAME = "$(TARGET_NAME)";
				PROVISIONING_PROFILE_SPECIFIER = "";
				SWIFT_VERSION = 4.2;
				TARGETED_DEVICE_FAMILY = "1,2";
			};
			name = Debug;
		};
		6E0F39B221ED439B00FDF987 /* Release */ = {
			isa = XCBuildConfiguration;
			buildSettings = {
				ASSETCATALOG_COMPILER_APPICON_NAME = AppIcon;
				CODE_SIGN_IDENTITY = "iPhone Developer";
				CODE_SIGN_STYLE = Automatic;
				DEVELOPMENT_TEAM = HU5734Z6S2;
				INFOPLIST_FILE = Petal/Info.plist;
				LD_RUNPATH_SEARCH_PATHS = (
					"$(inherited)",
					"@executable_path/Frameworks",
				);
				PRODUCT_BUNDLE_IDENTIFIER = com.Petal;
				PRODUCT_NAME = "$(TARGET_NAME)";
				PROVISIONING_PROFILE_SPECIFIER = "";
				SWIFT_VERSION = 4.2;
				TARGETED_DEVICE_FAMILY = "1,2";
			};
			name = Release;
		};
		6E0F39B421ED439B00FDF987 /* Debug */ = {
			isa = XCBuildConfiguration;
			buildSettings = {
				ALWAYS_EMBED_SWIFT_STANDARD_LIBRARIES = YES;
				BUNDLE_LOADER = "$(TEST_HOST)";
				CODE_SIGN_STYLE = Automatic;
				DEVELOPMENT_TEAM = HU5734Z6S2;
				INFOPLIST_FILE = PetalTests/Info.plist;
				LD_RUNPATH_SEARCH_PATHS = (
					"$(inherited)",
					"@executable_path/Frameworks",
					"@loader_path/Frameworks",
				);
				PRODUCT_BUNDLE_IDENTIFIER = com.PetalTests;
				PRODUCT_NAME = "$(TARGET_NAME)";
				SWIFT_VERSION = 4.2;
				TARGETED_DEVICE_FAMILY = "1,2";
				TEST_HOST = "$(BUILT_PRODUCTS_DIR)/Petal.app/Petal";
			};
			name = Debug;
		};
		6E0F39B521ED439B00FDF987 /* Release */ = {
			isa = XCBuildConfiguration;
			buildSettings = {
				ALWAYS_EMBED_SWIFT_STANDARD_LIBRARIES = YES;
				BUNDLE_LOADER = "$(TEST_HOST)";
				CODE_SIGN_STYLE = Automatic;
				DEVELOPMENT_TEAM = HU5734Z6S2;
				INFOPLIST_FILE = PetalTests/Info.plist;
				LD_RUNPATH_SEARCH_PATHS = (
					"$(inherited)",
					"@executable_path/Frameworks",
					"@loader_path/Frameworks",
				);
				PRODUCT_BUNDLE_IDENTIFIER = com.PetalTests;
				PRODUCT_NAME = "$(TARGET_NAME)";
				SWIFT_VERSION = 4.2;
				TARGETED_DEVICE_FAMILY = "1,2";
				TEST_HOST = "$(BUILT_PRODUCTS_DIR)/Petal.app/Petal";
			};
			name = Release;
		};
		6E0F39B721ED439B00FDF987 /* Debug */ = {
			isa = XCBuildConfiguration;
			buildSettings = {
				ALWAYS_EMBED_SWIFT_STANDARD_LIBRARIES = YES;
				CODE_SIGN_STYLE = Automatic;
				DEVELOPMENT_TEAM = HU5734Z6S2;
				INFOPLIST_FILE = PetalUITests/Info.plist;
				LD_RUNPATH_SEARCH_PATHS = (
					"$(inherited)",
					"@executable_path/Frameworks",
					"@loader_path/Frameworks",
				);
				PRODUCT_BUNDLE_IDENTIFIER = com.PetalUITests;
				PRODUCT_NAME = "$(TARGET_NAME)";
				SWIFT_VERSION = 4.2;
				TARGETED_DEVICE_FAMILY = "1,2";
				TEST_TARGET_NAME = Petal;
			};
			name = Debug;
		};
		6E0F39B821ED439B00FDF987 /* Release */ = {
			isa = XCBuildConfiguration;
			buildSettings = {
				ALWAYS_EMBED_SWIFT_STANDARD_LIBRARIES = YES;
				CODE_SIGN_STYLE = Automatic;
				DEVELOPMENT_TEAM = HU5734Z6S2;
				INFOPLIST_FILE = PetalUITests/Info.plist;
				LD_RUNPATH_SEARCH_PATHS = (
					"$(inherited)",
					"@executable_path/Frameworks",
					"@loader_path/Frameworks",
				);
				PRODUCT_BUNDLE_IDENTIFIER = com.PetalUITests;
				PRODUCT_NAME = "$(TARGET_NAME)";
				SWIFT_VERSION = 4.2;
				TARGETED_DEVICE_FAMILY = "1,2";
				TEST_TARGET_NAME = Petal;
			};
			name = Release;
		};
/* End XCBuildConfiguration section */

/* Begin XCConfigurationList section */
		6E0F398321ED439A00FDF987 /* Build configuration list for PBXProject "Petal" */ = {
			isa = XCConfigurationList;
			buildConfigurations = (
				6E0F39AE21ED439B00FDF987 /* Debug */,
				6E0F39AF21ED439B00FDF987 /* Release */,
			);
			defaultConfigurationIsVisible = 0;
			defaultConfigurationName = Release;
		};
		6E0F39B021ED439B00FDF987 /* Build configuration list for PBXNativeTarget "Petal" */ = {
			isa = XCConfigurationList;
			buildConfigurations = (
				6E0F39B121ED439B00FDF987 /* Debug */,
				6E0F39B221ED439B00FDF987 /* Release */,
			);
			defaultConfigurationIsVisible = 0;
			defaultConfigurationName = Release;
		};
		6E0F39B321ED439B00FDF987 /* Build configuration list for PBXNativeTarget "PetalTests" */ = {
			isa = XCConfigurationList;
			buildConfigurations = (
				6E0F39B421ED439B00FDF987 /* Debug */,
				6E0F39B521ED439B00FDF987 /* Release */,
			);
			defaultConfigurationIsVisible = 0;
			defaultConfigurationName = Release;
		};
		6E0F39B621ED439B00FDF987 /* Build configuration list for PBXNativeTarget "PetalUITests" */ = {
			isa = XCConfigurationList;
			buildConfigurations = (
				6E0F39B721ED439B00FDF987 /* Debug */,
				6E0F39B821ED439B00FDF987 /* Release */,
			);
			defaultConfigurationIsVisible = 0;
			defaultConfigurationName = Release;
		};
/* End XCConfigurationList section */
	};
	rootObject = 6E0F398021ED439A00FDF987 /* Project object */;
}
